// !$*UTF8*$!
{
	archiveVersion = 1;
	classes = {
	};
	objectVersion = 46;
	objects = {

/* Begin PBXBuildFile section */
		0737D9A11EB2E00600F3DF19 /* TakePhotoViewController.m in Sources */ = {isa = PBXBuildFile; fileRef = 0737D9A01EB2E00600F3DF19 /* TakePhotoViewController.m */; };
		07D54AAB1EF265400036BED6 /* UIApplication+AuthorityManager.m in Sources */ = {isa = PBXBuildFile; fileRef = 07D54AAA1EF265400036BED6 /* UIApplication+AuthorityManager.m */; };
		07D54AC11EF26C7E0036BED6 /* UIViewController+AuthorityManager.m in Sources */ = {isa = PBXBuildFile; fileRef = 07D54AC01EF26C7E0036BED6 /* UIViewController+AuthorityManager.m */; };
		07D54AC91EF26DEB0036BED6 /* PhotoKitHeader.m in Sources */ = {isa = PBXBuildFile; fileRef = 07D54AC81EF26DEB0036BED6 /* PhotoKitHeader.m */; };
		07D54AD21EF273070036BED6 /* ControlHeaderView.m in Sources */ = {isa = PBXBuildFile; fileRef = 07D54AD11EF273070036BED6 /* ControlHeaderView.m */; };
		07D54AD61EF278510036BED6 /* PhotoHomeViewController.m in Sources */ = {isa = PBXBuildFile; fileRef = 07D54AD51EF278510036BED6 /* PhotoHomeViewController.m */; };
		07D54ADA1EF28B970036BED6 /* AlbumModel.m in Sources */ = {isa = PBXBuildFile; fileRef = 07D54AD91EF28B970036BED6 /* AlbumModel.m */; };
		07D54ADD1EF28BC00036BED6 /* AssetModel.m in Sources */ = {isa = PBXBuildFile; fileRef = 07D54ADC1EF28BC00036BED6 /* AssetModel.m */; };
		07D54AE01EF28BE70036BED6 /* PhotoManager.m in Sources */ = {isa = PBXBuildFile; fileRef = 07D54ADF1EF28BE70036BED6 /* PhotoManager.m */; };
		07D54AEF1EF37A170036BED6 /* PhotoHomeTableViewCell.m in Sources */ = {isa = PBXBuildFile; fileRef = 07D54AED1EF37A170036BED6 /* PhotoHomeTableViewCell.m */; };
		07D54AF01EF37A170036BED6 /* PhotoHomeTableViewCell.xib in Resources */ = {isa = PBXBuildFile; fileRef = 07D54AEE1EF37A170036BED6 /* PhotoHomeTableViewCell.xib */; };
		07D54AF31EF38B350036BED6 /* PhotoViewController.m in Sources */ = {isa = PBXBuildFile; fileRef = 07D54AF21EF38B350036BED6 /* PhotoViewController.m */; };
		07D54B241EF3D96A0036BED6 /* PhotoCollectionViewCell.m in Sources */ = {isa = PBXBuildFile; fileRef = 07D54B221EF3D96A0036BED6 /* PhotoCollectionViewCell.m */; };
		07D54B251EF3D96A0036BED6 /* PhotoCollectionViewCell.xib in Resources */ = {isa = PBXBuildFile; fileRef = 07D54B231EF3D96A0036BED6 /* PhotoCollectionViewCell.xib */; };
		07D54B281EF3DE9F0036BED6 /* PhotoPreviewViewController.m in Sources */ = {isa = PBXBuildFile; fileRef = 07D54B271EF3DE9F0036BED6 /* PhotoPreviewViewController.m */; };
		07D54B2C1EF3E5100036BED6 /* PhotoPreviewCollectionViewCell.m in Sources */ = {isa = PBXBuildFile; fileRef = 07D54B2A1EF3E5100036BED6 /* PhotoPreviewCollectionViewCell.m */; };
		07D54B2D1EF3E5100036BED6 /* PhotoPreviewCollectionViewCell.xib in Resources */ = {isa = PBXBuildFile; fileRef = 07D54B2B1EF3E5100036BED6 /* PhotoPreviewCollectionViewCell.xib */; };
		07F0F0A61EB079B500E0CED4 /* TestSecondCollectionViewCell.m in Sources */ = {isa = PBXBuildFile; fileRef = 07F0F0A51EB079B500E0CED4 /* TestSecondCollectionViewCell.m */; };
		16A1DBA31EA39597003C5F95 /* main.m in Sources */ = {isa = PBXBuildFile; fileRef = 16A1DBA21EA39597003C5F95 /* main.m */; };
		16A1DBA61EA39597003C5F95 /* AppDelegate.m in Sources */ = {isa = PBXBuildFile; fileRef = 16A1DBA51EA39597003C5F95 /* AppDelegate.m */; };
		16A1DBA91EA39597003C5F95 /* ViewController.m in Sources */ = {isa = PBXBuildFile; fileRef = 16A1DBA81EA39597003C5F95 /* ViewController.m */; };
		16A1DBAC1EA39597003C5F95 /* Main.storyboard in Resources */ = {isa = PBXBuildFile; fileRef = 16A1DBAA1EA39597003C5F95 /* Main.storyboard */; };
		16A1DBAE1EA39597003C5F95 /* Assets.xcassets in Resources */ = {isa = PBXBuildFile; fileRef = 16A1DBAD1EA39597003C5F95 /* Assets.xcassets */; };
		16A1DBB11EA39597003C5F95 /* LaunchScreen.storyboard in Resources */ = {isa = PBXBuildFile; fileRef = 16A1DBAF1EA39597003C5F95 /* LaunchScreen.storyboard */; };
		16A1DBBC1EA39597003C5F95 /* LQGPhotoKitTests.m in Sources */ = {isa = PBXBuildFile; fileRef = 16A1DBBB1EA39597003C5F95 /* LQGPhotoKitTests.m */; };
		16A1DBC71EA39597003C5F95 /* LQGPhotoKitUITests.m in Sources */ = {isa = PBXBuildFile; fileRef = 16A1DBC61EA39597003C5F95 /* LQGPhotoKitUITests.m */; };
		A694B76DF0624E92AF2F5FB4 /* libPods-LQGPhotoKit.a in Frameworks */ = {isa = PBXBuildFile; fileRef = 6815EC39490EA4D27C83FFFE /* libPods-LQGPhotoKit.a */; };
/* End PBXBuildFile section */

/* Begin PBXContainerItemProxy section */
		16A1DBB81EA39597003C5F95 /* PBXContainerItemProxy */ = {
			isa = PBXContainerItemProxy;
			containerPortal = 16A1DB961EA39597003C5F95 /* Project object */;
			proxyType = 1;
			remoteGlobalIDString = 16A1DB9D1EA39597003C5F95;
			remoteInfo = LQGPhotoKit;
		};
		16A1DBC31EA39597003C5F95 /* PBXContainerItemProxy */ = {
			isa = PBXContainerItemProxy;
			containerPortal = 16A1DB961EA39597003C5F95 /* Project object */;
			proxyType = 1;
			remoteGlobalIDString = 16A1DB9D1EA39597003C5F95;
			remoteInfo = LQGPhotoKit;
		};
/* End PBXContainerItemProxy section */

/* Begin PBXFileReference section */
		0737D99F1EB2E00600F3DF19 /* TakePhotoViewController.h */ = {isa = PBXFileReference; fileEncoding = 4; lastKnownFileType = sourcecode.c.h; path = TakePhotoViewController.h; sourceTree = "<group>"; };
		0737D9A01EB2E00600F3DF19 /* TakePhotoViewController.m */ = {isa = PBXFileReference; fileEncoding = 4; lastKnownFileType = sourcecode.c.objc; path = TakePhotoViewController.m; sourceTree = "<group>"; };
		07D54AA91EF265400036BED6 /* UIApplication+AuthorityManager.h */ = {isa = PBXFileReference; fileEncoding = 4; lastKnownFileType = sourcecode.c.h; path = "UIApplication+AuthorityManager.h"; sourceTree = "<group>"; };
		07D54AAA1EF265400036BED6 /* UIApplication+AuthorityManager.m */ = {isa = PBXFileReference; fileEncoding = 4; lastKnownFileType = sourcecode.c.objc; path = "UIApplication+AuthorityManager.m"; sourceTree = "<group>"; };
		07D54ABF1EF26C7E0036BED6 /* UIViewController+AuthorityManager.h */ = {isa = PBXFileReference; fileEncoding = 4; lastKnownFileType = sourcecode.c.h; path = "UIViewController+AuthorityManager.h"; sourceTree = "<group>"; };
		07D54AC01EF26C7E0036BED6 /* UIViewController+AuthorityManager.m */ = {isa = PBXFileReference; fileEncoding = 4; lastKnownFileType = sourcecode.c.objc; path = "UIViewController+AuthorityManager.m"; sourceTree = "<group>"; };
		07D54AC71EF26DEB0036BED6 /* PhotoKitHeader.h */ = {isa = PBXFileReference; fileEncoding = 4; lastKnownFileType = sourcecode.c.h; path = PhotoKitHeader.h; sourceTree = "<group>"; };
		07D54AC81EF26DEB0036BED6 /* PhotoKitHeader.m */ = {isa = PBXFileReference; fileEncoding = 4; lastKnownFileType = sourcecode.c.objc; path = PhotoKitHeader.m; sourceTree = "<group>"; };
		07D54AD01EF273070036BED6 /* ControlHeaderView.h */ = {isa = PBXFileReference; fileEncoding = 4; lastKnownFileType = sourcecode.c.h; path = ControlHeaderView.h; sourceTree = "<group>"; };
		07D54AD11EF273070036BED6 /* ControlHeaderView.m */ = {isa = PBXFileReference; fileEncoding = 4; lastKnownFileType = sourcecode.c.objc; path = ControlHeaderView.m; sourceTree = "<group>"; };
		07D54AD41EF278510036BED6 /* PhotoHomeViewController.h */ = {isa = PBXFileReference; fileEncoding = 4; lastKnownFileType = sourcecode.c.h; path = PhotoHomeViewController.h; sourceTree = "<group>"; };
		07D54AD51EF278510036BED6 /* PhotoHomeViewController.m */ = {isa = PBXFileReference; fileEncoding = 4; lastKnownFileType = sourcecode.c.objc; path = PhotoHomeViewController.m; sourceTree = "<group>"; };
		07D54AD81EF28B970036BED6 /* AlbumModel.h */ = {isa = PBXFileReference; fileEncoding = 4; lastKnownFileType = sourcecode.c.h; path = AlbumModel.h; sourceTree = "<group>"; };
		07D54AD91EF28B970036BED6 /* AlbumModel.m */ = {isa = PBXFileReference; fileEncoding = 4; lastKnownFileType = sourcecode.c.objc; path = AlbumModel.m; sourceTree = "<group>"; };
		07D54ADB1EF28BC00036BED6 /* AssetModel.h */ = {isa = PBXFileReference; fileEncoding = 4; lastKnownFileType = sourcecode.c.h; path = AssetModel.h; sourceTree = "<group>"; };
		07D54ADC1EF28BC00036BED6 /* AssetModel.m */ = {isa = PBXFileReference; fileEncoding = 4; lastKnownFileType = sourcecode.c.objc; path = AssetModel.m; sourceTree = "<group>"; };
		07D54ADE1EF28BE70036BED6 /* PhotoManager.h */ = {isa = PBXFileReference; fileEncoding = 4; lastKnownFileType = sourcecode.c.h; path = PhotoManager.h; sourceTree = "<group>"; };
		07D54ADF1EF28BE70036BED6 /* PhotoManager.m */ = {isa = PBXFileReference; fileEncoding = 4; lastKnownFileType = sourcecode.c.objc; path = PhotoManager.m; sourceTree = "<group>"; };
		07D54AEC1EF37A170036BED6 /* PhotoHomeTableViewCell.h */ = {isa = PBXFileReference; fileEncoding = 4; lastKnownFileType = sourcecode.c.h; path = PhotoHomeTableViewCell.h; sourceTree = "<group>"; };
		07D54AED1EF37A170036BED6 /* PhotoHomeTableViewCell.m */ = {isa = PBXFileReference; fileEncoding = 4; lastKnownFileType = sourcecode.c.objc; path = PhotoHomeTableViewCell.m; sourceTree = "<group>"; };
		07D54AEE1EF37A170036BED6 /* PhotoHomeTableViewCell.xib */ = {isa = PBXFileReference; fileEncoding = 4; lastKnownFileType = file.xib; path = PhotoHomeTableViewCell.xib; sourceTree = "<group>"; };
		07D54AF11EF38B350036BED6 /* PhotoViewController.h */ = {isa = PBXFileReference; fileEncoding = 4; lastKnownFileType = sourcecode.c.h; path = PhotoViewController.h; sourceTree = "<group>"; };
		07D54AF21EF38B350036BED6 /* PhotoViewController.m */ = {isa = PBXFileReference; fileEncoding = 4; lastKnownFileType = sourcecode.c.objc; path = PhotoViewController.m; sourceTree = "<group>"; };
		07D54B211EF3D96A0036BED6 /* PhotoCollectionViewCell.h */ = {isa = PBXFileReference; fileEncoding = 4; lastKnownFileType = sourcecode.c.h; path = PhotoCollectionViewCell.h; sourceTree = "<group>"; };
		07D54B221EF3D96A0036BED6 /* PhotoCollectionViewCell.m */ = {isa = PBXFileReference; fileEncoding = 4; lastKnownFileType = sourcecode.c.objc; path = PhotoCollectionViewCell.m; sourceTree = "<group>"; };
		07D54B231EF3D96A0036BED6 /* PhotoCollectionViewCell.xib */ = {isa = PBXFileReference; fileEncoding = 4; lastKnownFileType = file.xib; path = PhotoCollectionViewCell.xib; sourceTree = "<group>"; };
		07D54B261EF3DE9F0036BED6 /* PhotoPreviewViewController.h */ = {isa = PBXFileReference; fileEncoding = 4; lastKnownFileType = sourcecode.c.h; path = PhotoPreviewViewController.h; sourceTree = "<group>"; };
		07D54B271EF3DE9F0036BED6 /* PhotoPreviewViewController.m */ = {isa = PBXFileReference; fileEncoding = 4; lastKnownFileType = sourcecode.c.objc; path = PhotoPreviewViewController.m; sourceTree = "<group>"; };
		07D54B291EF3E5100036BED6 /* PhotoPreviewCollectionViewCell.h */ = {isa = PBXFileReference; fileEncoding = 4; lastKnownFileType = sourcecode.c.h; path = PhotoPreviewCollectionViewCell.h; sourceTree = "<group>"; };
		07D54B2A1EF3E5100036BED6 /* PhotoPreviewCollectionViewCell.m */ = {isa = PBXFileReference; fileEncoding = 4; lastKnownFileType = sourcecode.c.objc; path = PhotoPreviewCollectionViewCell.m; sourceTree = "<group>"; };
		07D54B2B1EF3E5100036BED6 /* PhotoPreviewCollectionViewCell.xib */ = {isa = PBXFileReference; fileEncoding = 4; lastKnownFileType = file.xib; path = PhotoPreviewCollectionViewCell.xib; sourceTree = "<group>"; };
		07F0F0A41EB079B500E0CED4 /* TestSecondCollectionViewCell.h */ = {isa = PBXFileReference; fileEncoding = 4; lastKnownFileType = sourcecode.c.h; path = TestSecondCollectionViewCell.h; sourceTree = "<group>"; };
		07F0F0A51EB079B500E0CED4 /* TestSecondCollectionViewCell.m */ = {isa = PBXFileReference; fileEncoding = 4; lastKnownFileType = sourcecode.c.objc; path = TestSecondCollectionViewCell.m; sourceTree = "<group>"; };
		0F3DC1C389CCEAFFDA873D47 /* libPods-LQGPhotoKitUITests.a */ = {isa = PBXFileReference; explicitFileType = archive.ar; includeInIndex = 0; path = "libPods-LQGPhotoKitUITests.a"; sourceTree = BUILT_PRODUCTS_DIR; };
		16A1DB9E1EA39597003C5F95 /* LQGPhotoKit.app */ = {isa = PBXFileReference; explicitFileType = wrapper.application; includeInIndex = 0; path = LQGPhotoKit.app; sourceTree = BUILT_PRODUCTS_DIR; };
		16A1DBA21EA39597003C5F95 /* main.m */ = {isa = PBXFileReference; lastKnownFileType = sourcecode.c.objc; path = main.m; sourceTree = "<group>"; };
		16A1DBA41EA39597003C5F95 /* AppDelegate.h */ = {isa = PBXFileReference; lastKnownFileType = sourcecode.c.h; path = AppDelegate.h; sourceTree = "<group>"; };
		16A1DBA51EA39597003C5F95 /* AppDelegate.m */ = {isa = PBXFileReference; lastKnownFileType = sourcecode.c.objc; path = AppDelegate.m; sourceTree = "<group>"; };
		16A1DBA71EA39597003C5F95 /* ViewController.h */ = {isa = PBXFileReference; lastKnownFileType = sourcecode.c.h; path = ViewController.h; sourceTree = "<group>"; };
		16A1DBA81EA39597003C5F95 /* ViewController.m */ = {isa = PBXFileReference; lastKnownFileType = sourcecode.c.objc; path = ViewController.m; sourceTree = "<group>"; };
		16A1DBAB1EA39597003C5F95 /* Base */ = {isa = PBXFileReference; lastKnownFileType = file.storyboard; name = Base; path = Base.lproj/Main.storyboard; sourceTree = "<group>"; };
		16A1DBAD1EA39597003C5F95 /* Assets.xcassets */ = {isa = PBXFileReference; lastKnownFileType = folder.assetcatalog; path = Assets.xcassets; sourceTree = "<group>"; };
		16A1DBB01EA39597003C5F95 /* Base */ = {isa = PBXFileReference; lastKnownFileType = file.storyboard; name = Base; path = Base.lproj/LaunchScreen.storyboard; sourceTree = "<group>"; };
		16A1DBB21EA39597003C5F95 /* Info.plist */ = {isa = PBXFileReference; lastKnownFileType = text.plist.xml; path = Info.plist; sourceTree = "<group>"; };
		16A1DBB71EA39597003C5F95 /* LQGPhotoKitTests.xctest */ = {isa = PBXFileReference; explicitFileType = wrapper.cfbundle; includeInIndex = 0; path = LQGPhotoKitTests.xctest; sourceTree = BUILT_PRODUCTS_DIR; };
		16A1DBBB1EA39597003C5F95 /* LQGPhotoKitTests.m */ = {isa = PBXFileReference; lastKnownFileType = sourcecode.c.objc; path = LQGPhotoKitTests.m; sourceTree = "<group>"; };
		16A1DBBD1EA39597003C5F95 /* Info.plist */ = {isa = PBXFileReference; lastKnownFileType = text.plist.xml; path = Info.plist; sourceTree = "<group>"; };
		16A1DBC21EA39597003C5F95 /* LQGPhotoKitUITests.xctest */ = {isa = PBXFileReference; explicitFileType = wrapper.cfbundle; includeInIndex = 0; path = LQGPhotoKitUITests.xctest; sourceTree = BUILT_PRODUCTS_DIR; };
		16A1DBC61EA39597003C5F95 /* LQGPhotoKitUITests.m */ = {isa = PBXFileReference; lastKnownFileType = sourcecode.c.objc; path = LQGPhotoKitUITests.m; sourceTree = "<group>"; };
		16A1DBC81EA39597003C5F95 /* Info.plist */ = {isa = PBXFileReference; lastKnownFileType = text.plist.xml; path = Info.plist; sourceTree = "<group>"; };
		6815EC39490EA4D27C83FFFE /* libPods-LQGPhotoKit.a */ = {isa = PBXFileReference; explicitFileType = archive.ar; includeInIndex = 0; path = "libPods-LQGPhotoKit.a"; sourceTree = BUILT_PRODUCTS_DIR; };
		71ED944DB6A67C4C488676DA /* Pods-LQGPhotoKit.debug.xcconfig */ = {isa = PBXFileReference; includeInIndex = 1; lastKnownFileType = text.xcconfig; name = "Pods-LQGPhotoKit.debug.xcconfig"; path = "Pods/Target Support Files/Pods-LQGPhotoKit/Pods-LQGPhotoKit.debug.xcconfig"; sourceTree = "<group>"; };
		DB282AD40083FC652E77FCE7 /* Pods-LQGPhotoKit.release.xcconfig */ = {isa = PBXFileReference; includeInIndex = 1; lastKnownFileType = text.xcconfig; name = "Pods-LQGPhotoKit.release.xcconfig"; path = "Pods/Target Support Files/Pods-LQGPhotoKit/Pods-LQGPhotoKit.release.xcconfig"; sourceTree = "<group>"; };
		FBF67D8CE5FFED319AC875FD /* libPods-LQGPhotoKitTests.a */ = {isa = PBXFileReference; explicitFileType = archive.ar; includeInIndex = 0; path = "libPods-LQGPhotoKitTests.a"; sourceTree = BUILT_PRODUCTS_DIR; };
/* End PBXFileReference section */

/* Begin PBXFrameworksBuildPhase section */
		16A1DB9B1EA39597003C5F95 /* Frameworks */ = {
			isa = PBXFrameworksBuildPhase;
			buildActionMask = 2147483647;
			files = (
				A694B76DF0624E92AF2F5FB4 /* libPods-LQGPhotoKit.a in Frameworks */,
			);
			runOnlyForDeploymentPostprocessing = 0;
		};
		16A1DBB41EA39597003C5F95 /* Frameworks */ = {
			isa = PBXFrameworksBuildPhase;
			buildActionMask = 2147483647;
			files = (
			);
			runOnlyForDeploymentPostprocessing = 0;
		};
		16A1DBBF1EA39597003C5F95 /* Frameworks */ = {
			isa = PBXFrameworksBuildPhase;
			buildActionMask = 2147483647;
			files = (
			);
			runOnlyForDeploymentPostprocessing = 0;
		};
/* End PBXFrameworksBuildPhase section */

/* Begin PBXGroup section */
		07D54AA81EF2616F0036BED6 /* PhotoKit */ = {
			isa = PBXGroup;
			children = (
				07D54AC71EF26DEB0036BED6 /* PhotoKitHeader.h */,
				07D54AC81EF26DEB0036BED6 /* PhotoKitHeader.m */,
				07D54AA91EF265400036BED6 /* UIApplication+AuthorityManager.h */,
				07D54AAA1EF265400036BED6 /* UIApplication+AuthorityManager.m */,
				07D54ABF1EF26C7E0036BED6 /* UIViewController+AuthorityManager.h */,
				07D54AC01EF26C7E0036BED6 /* UIViewController+AuthorityManager.m */,
				07D54ADE1EF28BE70036BED6 /* PhotoManager.h */,
				07D54ADF1EF28BE70036BED6 /* PhotoManager.m */,
			);
			path = PhotoKit;
			sourceTree = "<group>";
		};
		07D54ACF1EF272E80036BED6 /* CustomeView */ = {
			isa = PBXGroup;
			children = (
				07D54AD01EF273070036BED6 /* ControlHeaderView.h */,
				07D54AD11EF273070036BED6 /* ControlHeaderView.m */,
				07D54AEC1EF37A170036BED6 /* PhotoHomeTableViewCell.h */,
				07D54AED1EF37A170036BED6 /* PhotoHomeTableViewCell.m */,
				07D54AEE1EF37A170036BED6 /* PhotoHomeTableViewCell.xib */,
				07D54B211EF3D96A0036BED6 /* PhotoCollectionViewCell.h */,
				07D54B221EF3D96A0036BED6 /* PhotoCollectionViewCell.m */,
				07D54B231EF3D96A0036BED6 /* PhotoCollectionViewCell.xib */,
				07D54B291EF3E5100036BED6 /* PhotoPreviewCollectionViewCell.h */,
				07D54B2A1EF3E5100036BED6 /* PhotoPreviewCollectionViewCell.m */,
				07D54B2B1EF3E5100036BED6 /* PhotoPreviewCollectionViewCell.xib */,
			);
			path = CustomeView;
			sourceTree = "<group>";
		};
		07D54AD31EF278300036BED6 /* CustomeVc */ = {
			isa = PBXGroup;
			children = (
				07D54AD41EF278510036BED6 /* PhotoHomeViewController.h */,
				07D54AD51EF278510036BED6 /* PhotoHomeViewController.m */,
				07D54AF11EF38B350036BED6 /* PhotoViewController.h */,
				07D54AF21EF38B350036BED6 /* PhotoViewController.m */,
				07D54B261EF3DE9F0036BED6 /* PhotoPreviewViewController.h */,
				07D54B271EF3DE9F0036BED6 /* PhotoPreviewViewController.m */,
			);
			path = CustomeVc;
			sourceTree = "<group>";
		};
		07D54AD71EF28A9F0036BED6 /* CustomeModel */ = {
			isa = PBXGroup;
			children = (
				07D54AD81EF28B970036BED6 /* AlbumModel.h */,
				07D54AD91EF28B970036BED6 /* AlbumModel.m */,
				07D54ADB1EF28BC00036BED6 /* AssetModel.h */,
				07D54ADC1EF28BC00036BED6 /* AssetModel.m */,
			);
			path = CustomeModel;
			sourceTree = "<group>";
		};
		16A1DB951EA39597003C5F95 = {
			isa = PBXGroup;
			children = (
				16A1DBA01EA39597003C5F95 /* LQGPhotoKit */,
				16A1DBBA1EA39597003C5F95 /* LQGPhotoKitTests */,
				16A1DBC51EA39597003C5F95 /* LQGPhotoKitUITests */,
				16A1DB9F1EA39597003C5F95 /* Products */,
				8E087C114FCD5413D50ED36C /* Pods */,
				B6A98D68867B06FD53B96011 /* Frameworks */,
			);
			sourceTree = "<group>";
		};
		16A1DB9F1EA39597003C5F95 /* Products */ = {
			isa = PBXGroup;
			children = (
				16A1DB9E1EA39597003C5F95 /* LQGPhotoKit.app */,
				16A1DBB71EA39597003C5F95 /* LQGPhotoKitTests.xctest */,
				16A1DBC21EA39597003C5F95 /* LQGPhotoKitUITests.xctest */,
			);
			name = Products;
			sourceTree = "<group>";
		};
		16A1DBA01EA39597003C5F95 /* LQGPhotoKit */ = {
			isa = PBXGroup;
			children = (
				07D54AD71EF28A9F0036BED6 /* CustomeModel */,
				07D54AD31EF278300036BED6 /* CustomeVc */,
				07D54ACF1EF272E80036BED6 /* CustomeView */,
				07D54AA81EF2616F0036BED6 /* PhotoKit */,
				16A1DBA11EA39597003C5F95 /* Supporting Files */,
				16A1DBA41EA39597003C5F95 /* AppDelegate.h */,
				16A1DBA51EA39597003C5F95 /* AppDelegate.m */,
				16A1DBA71EA39597003C5F95 /* ViewController.h */,
				16A1DBA81EA39597003C5F95 /* ViewController.m */,
				16A1DBAA1EA39597003C5F95 /* Main.storyboard */,
				16A1DBAD1EA39597003C5F95 /* Assets.xcassets */,
				16A1DBAF1EA39597003C5F95 /* LaunchScreen.storyboard */,
				16A1DBB21EA39597003C5F95 /* Info.plist */,
				07F0F0A41EB079B500E0CED4 /* TestSecondCollectionViewCell.h */,
				07F0F0A51EB079B500E0CED4 /* TestSecondCollectionViewCell.m */,
				0737D99F1EB2E00600F3DF19 /* TakePhotoViewController.h */,
				0737D9A01EB2E00600F3DF19 /* TakePhotoViewController.m */,
			);
			path = LQGPhotoKit;
			sourceTree = "<group>";
		};
		16A1DBA11EA39597003C5F95 /* Supporting Files */ = {
			isa = PBXGroup;
			children = (
				16A1DBA21EA39597003C5F95 /* main.m */,
			);
			name = "Supporting Files";
			sourceTree = "<group>";
		};
		16A1DBBA1EA39597003C5F95 /* LQGPhotoKitTests */ = {
			isa = PBXGroup;
			children = (
				16A1DBBB1EA39597003C5F95 /* LQGPhotoKitTests.m */,
				16A1DBBD1EA39597003C5F95 /* Info.plist */,
			);
			path = LQGPhotoKitTests;
			sourceTree = "<group>";
		};
		16A1DBC51EA39597003C5F95 /* LQGPhotoKitUITests */ = {
			isa = PBXGroup;
			children = (
				16A1DBC61EA39597003C5F95 /* LQGPhotoKitUITests.m */,
				16A1DBC81EA39597003C5F95 /* Info.plist */,
			);
			path = LQGPhotoKitUITests;
			sourceTree = "<group>";
		};
		8E087C114FCD5413D50ED36C /* Pods */ = {
			isa = PBXGroup;
			children = (
				71ED944DB6A67C4C488676DA /* Pods-LQGPhotoKit.debug.xcconfig */,
				DB282AD40083FC652E77FCE7 /* Pods-LQGPhotoKit.release.xcconfig */,
			);
			name = Pods;
			sourceTree = "<group>";
		};
		B6A98D68867B06FD53B96011 /* Frameworks */ = {
			isa = PBXGroup;
			children = (
				6815EC39490EA4D27C83FFFE /* libPods-LQGPhotoKit.a */,
				FBF67D8CE5FFED319AC875FD /* libPods-LQGPhotoKitTests.a */,
				0F3DC1C389CCEAFFDA873D47 /* libPods-LQGPhotoKitUITests.a */,
			);
			name = Frameworks;
			sourceTree = "<group>";
		};
/* End PBXGroup section */

/* Begin PBXNativeTarget section */
		16A1DB9D1EA39597003C5F95 /* LQGPhotoKit */ = {
			isa = PBXNativeTarget;
			buildConfigurationList = 16A1DBCB1EA39597003C5F95 /* Build configuration list for PBXNativeTarget "LQGPhotoKit" */;
			buildPhases = (
				D90394729C2B57696E92A8CC /* [CP] Check Pods Manifest.lock */,
				16A1DB9A1EA39597003C5F95 /* Sources */,
				16A1DB9B1EA39597003C5F95 /* Frameworks */,
				16A1DB9C1EA39597003C5F95 /* Resources */,
				166D8C00A7C4FCC6EFA6B47B /* [CP] Embed Pods Frameworks */,
				D89D9CD22B1EC3B8C719518D /* [CP] Copy Pods Resources */,
			);
			buildRules = (
			);
			dependencies = (
			);
			name = LQGPhotoKit;
			productName = LQGPhotoKit;
			productReference = 16A1DB9E1EA39597003C5F95 /* LQGPhotoKit.app */;
			productType = "com.apple.product-type.application";
		};
		16A1DBB61EA39597003C5F95 /* LQGPhotoKitTests */ = {
			isa = PBXNativeTarget;
			buildConfigurationList = 16A1DBCE1EA39597003C5F95 /* Build configuration list for PBXNativeTarget "LQGPhotoKitTests" */;
			buildPhases = (
				16A1DBB31EA39597003C5F95 /* Sources */,
				16A1DBB41EA39597003C5F95 /* Frameworks */,
				16A1DBB51EA39597003C5F95 /* Resources */,
			);
			buildRules = (
			);
			dependencies = (
				16A1DBB91EA39597003C5F95 /* PBXTargetDependency */,
			);
			name = LQGPhotoKitTests;
			productName = LQGPhotoKitTests;
			productReference = 16A1DBB71EA39597003C5F95 /* LQGPhotoKitTests.xctest */;
			productType = "com.apple.product-type.bundle.unit-test";
		};
		16A1DBC11EA39597003C5F95 /* LQGPhotoKitUITests */ = {
			isa = PBXNativeTarget;
			buildConfigurationList = 16A1DBD11EA39597003C5F95 /* Build configuration list for PBXNativeTarget "LQGPhotoKitUITests" */;
			buildPhases = (
				16A1DBBE1EA39597003C5F95 /* Sources */,
				16A1DBBF1EA39597003C5F95 /* Frameworks */,
				16A1DBC01EA39597003C5F95 /* Resources */,
			);
			buildRules = (
			);
			dependencies = (
				16A1DBC41EA39597003C5F95 /* PBXTargetDependency */,
			);
			name = LQGPhotoKitUITests;
			productName = LQGPhotoKitUITests;
			productReference = 16A1DBC21EA39597003C5F95 /* LQGPhotoKitUITests.xctest */;
			productType = "com.apple.product-type.bundle.ui-testing";
		};
/* End PBXNativeTarget section */

/* Begin PBXProject section */
		16A1DB961EA39597003C5F95 /* Project object */ = {
			isa = PBXProject;
			attributes = {
				LastUpgradeCheck = 0830;
				ORGANIZATIONNAME = liquangang;
				TargetAttributes = {
					16A1DB9D1EA39597003C5F95 = {
						CreatedOnToolsVersion = 8.3.1;
						DevelopmentTeam = RYWQLEHRAM;
						ProvisioningStyle = Automatic;
					};
					16A1DBB61EA39597003C5F95 = {
						CreatedOnToolsVersion = 8.3.1;
						ProvisioningStyle = Automatic;
						TestTargetID = 16A1DB9D1EA39597003C5F95;
					};
					16A1DBC11EA39597003C5F95 = {
						CreatedOnToolsVersion = 8.3.1;
						ProvisioningStyle = Automatic;
						TestTargetID = 16A1DB9D1EA39597003C5F95;
					};
				};
			};
			buildConfigurationList = 16A1DB991EA39597003C5F95 /* Build configuration list for PBXProject "LQGPhotoKit" */;
			compatibilityVersion = "Xcode 3.2";
			developmentRegion = English;
			hasScannedForEncodings = 0;
			knownRegions = (
				en,
				Base,
			);
			mainGroup = 16A1DB951EA39597003C5F95;
			productRefGroup = 16A1DB9F1EA39597003C5F95 /* Products */;
			projectDirPath = "";
			projectRoot = "";
			targets = (
				16A1DB9D1EA39597003C5F95 /* LQGPhotoKit */,
				16A1DBB61EA39597003C5F95 /* LQGPhotoKitTests */,
				16A1DBC11EA39597003C5F95 /* LQGPhotoKitUITests */,
			);
		};
/* End PBXProject section */

/* Begin PBXResourcesBuildPhase section */
		16A1DB9C1EA39597003C5F95 /* Resources */ = {
			isa = PBXResourcesBuildPhase;
			buildActionMask = 2147483647;
			files = (
				07D54B2D1EF3E5100036BED6 /* PhotoPreviewCollectionViewCell.xib in Resources */,
				16A1DBB11EA39597003C5F95 /* LaunchScreen.storyboard in Resources */,
				07D54B251EF3D96A0036BED6 /* PhotoCollectionViewCell.xib in Resources */,
				07D54AF01EF37A170036BED6 /* PhotoHomeTableViewCell.xib in Resources */,
				16A1DBAE1EA39597003C5F95 /* Assets.xcassets in Resources */,
				16A1DBAC1EA39597003C5F95 /* Main.storyboard in Resources */,
			);
			runOnlyForDeploymentPostprocessing = 0;
		};
		16A1DBB51EA39597003C5F95 /* Resources */ = {
			isa = PBXResourcesBuildPhase;
			buildActionMask = 2147483647;
			files = (
			);
			runOnlyForDeploymentPostprocessing = 0;
		};
		16A1DBC01EA39597003C5F95 /* Resources */ = {
			isa = PBXResourcesBuildPhase;
			buildActionMask = 2147483647;
			files = (
			);
			runOnlyForDeploymentPostprocessing = 0;
		};
/* End PBXResourcesBuildPhase section */

/* Begin PBXShellScriptBuildPhase section */
		166D8C00A7C4FCC6EFA6B47B /* [CP] Embed Pods Frameworks */ = {
			isa = PBXShellScriptBuildPhase;
			buildActionMask = 2147483647;
			files = (
			);
			inputPaths = (
			);
			name = "[CP] Embed Pods Frameworks";
			outputPaths = (
			);
			runOnlyForDeploymentPostprocessing = 0;
			shellPath = /bin/sh;
			shellScript = "\"${SRCROOT}/Pods/Target Support Files/Pods-LQGPhotoKit/Pods-LQGPhotoKit-frameworks.sh\"\n";
			showEnvVarsInLog = 0;
		};
		D89D9CD22B1EC3B8C719518D /* [CP] Copy Pods Resources */ = {
			isa = PBXShellScriptBuildPhase;
			buildActionMask = 2147483647;
			files = (
			);
			inputPaths = (
			);
			name = "[CP] Copy Pods Resources";
			outputPaths = (
			);
			runOnlyForDeploymentPostprocessing = 0;
			shellPath = /bin/sh;
			shellScript = "\"${SRCROOT}/Pods/Target Support Files/Pods-LQGPhotoKit/Pods-LQGPhotoKit-resources.sh\"\n";
			showEnvVarsInLog = 0;
		};
		D90394729C2B57696E92A8CC /* [CP] Check Pods Manifest.lock */ = {
			isa = PBXShellScriptBuildPhase;
			buildActionMask = 2147483647;
			files = (
			);
			inputPaths = (
			);
			name = "[CP] Check Pods Manifest.lock";
			outputPaths = (
			);
			runOnlyForDeploymentPostprocessing = 0;
			shellPath = /bin/sh;
			shellScript = "diff \"${PODS_PODFILE_DIR_PATH}/Podfile.lock\" \"${PODS_ROOT}/Manifest.lock\" > /dev/null\nif [ $? != 0 ] ; then\n    # print error to STDERR\n    echo \"error: The sandbox is not in sync with the Podfile.lock. Run 'pod install' or update your CocoaPods installation.\" >&2\n    exit 1\nfi\n";
			showEnvVarsInLog = 0;
		};
/* End PBXShellScriptBuildPhase section */

/* Begin PBXSourcesBuildPhase section */
		16A1DB9A1EA39597003C5F95 /* Sources */ = {
			isa = PBXSourcesBuildPhase;
			buildActionMask = 2147483647;
			files = (
				07D54AD61EF278510036BED6 /* PhotoHomeViewController.m in Sources */,
				16A1DBA91EA39597003C5F95 /* ViewController.m in Sources */,
				07D54AD21EF273070036BED6 /* ControlHeaderView.m in Sources */,
				07D54AEF1EF37A170036BED6 /* PhotoHomeTableViewCell.m in Sources */,
				16A1DBA61EA39597003C5F95 /* AppDelegate.m in Sources */,
				07D54B241EF3D96A0036BED6 /* PhotoCollectionViewCell.m in Sources */,
				07D54ADD1EF28BC00036BED6 /* AssetModel.m in Sources */,
				16A1DBA31EA39597003C5F95 /* main.m in Sources */,
				07D54B2C1EF3E5100036BED6 /* PhotoPreviewCollectionViewCell.m in Sources */,
				0737D9A11EB2E00600F3DF19 /* TakePhotoViewController.m in Sources */,
				07D54AAB1EF265400036BED6 /* UIApplication+AuthorityManager.m in Sources */,
				07D54AF31EF38B350036BED6 /* PhotoViewController.m in Sources */,
				07D54ADA1EF28B970036BED6 /* AlbumModel.m in Sources */,
				07D54AC11EF26C7E0036BED6 /* UIViewController+AuthorityManager.m in Sources */,
				07D54AE01EF28BE70036BED6 /* PhotoManager.m in Sources */,
				07D54B281EF3DE9F0036BED6 /* PhotoPreviewViewController.m in Sources */,
				07D54AC91EF26DEB0036BED6 /* PhotoKitHeader.m in Sources */,
				07F0F0A61EB079B500E0CED4 /* TestSecondCollectionViewCell.m in Sources */,
			);
			runOnlyForDeploymentPostprocessing = 0;
		};
		16A1DBB31EA39597003C5F95 /* Sources */ = {
			isa = PBXSourcesBuildPhase;
			buildActionMask = 2147483647;
			files = (
				16A1DBBC1EA39597003C5F95 /* LQGPhotoKitTests.m in Sources */,
			);
			runOnlyForDeploymentPostprocessing = 0;
		};
		16A1DBBE1EA39597003C5F95 /* Sources */ = {
			isa = PBXSourcesBuildPhase;
			buildActionMask = 2147483647;
			files = (
				16A1DBC71EA39597003C5F95 /* LQGPhotoKitUITests.m in Sources */,
			);
			runOnlyForDeploymentPostprocessing = 0;
		};
/* End PBXSourcesBuildPhase section */

/* Begin PBXTargetDependency section */
		16A1DBB91EA39597003C5F95 /* PBXTargetDependency */ = {
			isa = PBXTargetDependency;
			target = 16A1DB9D1EA39597003C5F95 /* LQGPhotoKit */;
			targetProxy = 16A1DBB81EA39597003C5F95 /* PBXContainerItemProxy */;
		};
		16A1DBC41EA39597003C5F95 /* PBXTargetDependency */ = {
			isa = PBXTargetDependency;
			target = 16A1DB9D1EA39597003C5F95 /* LQGPhotoKit */;
			targetProxy = 16A1DBC31EA39597003C5F95 /* PBXContainerItemProxy */;
		};
/* End PBXTargetDependency section */

/* Begin PBXVariantGroup section */
		16A1DBAA1EA39597003C5F95 /* Main.storyboard */ = {
			isa = PBXVariantGroup;
			children = (
				16A1DBAB1EA39597003C5F95 /* Base */,
			);
			name = Main.storyboard;
			sourceTree = "<group>";
		};
		16A1DBAF1EA39597003C5F95 /* LaunchScreen.storyboard */ = {
			isa = PBXVariantGroup;
			children = (
				16A1DBB01EA39597003C5F95 /* Base */,
			);
			name = LaunchScreen.storyboard;
			sourceTree = "<group>";
		};
/* End PBXVariantGroup section */

/* Begin XCBuildConfiguration section */
		16A1DBC91EA39597003C5F95 /* Debug */ = {
			isa = XCBuildConfiguration;
			buildSettings = {
				ALWAYS_SEARCH_USER_PATHS = NO;
				CLANG_ANALYZER_NONNULL = YES;
				CLANG_ANALYZER_NUMBER_OBJECT_CONVERSION = YES_AGGRESSIVE;
				CLANG_CXX_LANGUAGE_STANDARD = "gnu++0x";
				CLANG_CXX_LIBRARY = "libc++";
				CLANG_ENABLE_MODULES = YES;
				CLANG_ENABLE_OBJC_ARC = YES;
				CLANG_WARN_BOOL_CONVERSION = YES;
				CLANG_WARN_CONSTANT_CONVERSION = YES;
				CLANG_WARN_DIRECT_OBJC_ISA_USAGE = YES_ERROR;
				CLANG_WARN_DOCUMENTATION_COMMENTS = YES;
				CLANG_WARN_EMPTY_BODY = YES;
				CLANG_WARN_ENUM_CONVERSION = YES;
				CLANG_WARN_INFINITE_RECURSION = YES;
				CLANG_WARN_INT_CONVERSION = YES;
				CLANG_WARN_OBJC_ROOT_CLASS = YES_ERROR;
				CLANG_WARN_SUSPICIOUS_MOVE = YES;
				CLANG_WARN_UNREACHABLE_CODE = YES;
				CLANG_WARN__DUPLICATE_METHOD_MATCH = YES;
				"CODE_SIGN_IDENTITY[sdk=iphoneos*]" = "iPhone Developer";
				COPY_PHASE_STRIP = NO;
				DEBUG_INFORMATION_FORMAT = dwarf;
				ENABLE_STRICT_OBJC_MSGSEND = YES;
				ENABLE_TESTABILITY = YES;
				GCC_C_LANGUAGE_STANDARD = gnu99;
				GCC_DYNAMIC_NO_PIC = NO;
				GCC_NO_COMMON_BLOCKS = YES;
				GCC_OPTIMIZATION_LEVEL = 0;
				GCC_PREPROCESSOR_DEFINITIONS = (
					"DEBUG=1",
					"$(inherited)",
				);
				GCC_WARN_64_TO_32_BIT_CONVERSION = YES;
				GCC_WARN_ABOUT_RETURN_TYPE = YES_ERROR;
				GCC_WARN_UNDECLARED_SELECTOR = YES;
				GCC_WARN_UNINITIALIZED_AUTOS = YES_AGGRESSIVE;
				GCC_WARN_UNUSED_FUNCTION = YES;
				GCC_WARN_UNUSED_VARIABLE = YES;
				IPHONEOS_DEPLOYMENT_TARGET = 10.3;
				MTL_ENABLE_DEBUG_INFO = YES;
				ONLY_ACTIVE_ARCH = YES;
				SDKROOT = iphoneos;
				TARGETED_DEVICE_FAMILY = "1,2";
			};
			name = Debug;
		};
		16A1DBCA1EA39597003C5F95 /* Release */ = {
			isa = XCBuildConfiguration;
			buildSettings = {
				ALWAYS_SEARCH_USER_PATHS = NO;
				CLANG_ANALYZER_NONNULL = YES;
				CLANG_ANALYZER_NUMBER_OBJECT_CONVERSION = YES_AGGRESSIVE;
				CLANG_CXX_LANGUAGE_STANDARD = "gnu++0x";
				CLANG_CXX_LIBRARY = "libc++";
				CLANG_ENABLE_MODULES = YES;
				CLANG_ENABLE_OBJC_ARC = YES;
				CLANG_WARN_BOOL_CONVERSION = YES;
				CLANG_WARN_CONSTANT_CONVERSION = YES;
				CLANG_WARN_DIRECT_OBJC_ISA_USAGE = YES_ERROR;
				CLANG_WARN_DOCUMENTATION_COMMENTS = YES;
				CLANG_WARN_EMPTY_BODY = YES;
				CLANG_WARN_ENUM_CONVERSION = YES;
				CLANG_WARN_INFINITE_RECURSION = YES;
				CLANG_WARN_INT_CONVERSION = YES;
				CLANG_WARN_OBJC_ROOT_CLASS = YES_ERROR;
				CLANG_WARN_SUSPICIOUS_MOVE = YES;
				CLANG_WARN_UNREACHABLE_CODE = YES;
				CLANG_WARN__DUPLICATE_METHOD_MATCH = YES;
				"CODE_SIGN_IDENTITY[sdk=iphoneos*]" = "iPhone Developer";
				COPY_PHASE_STRIP = NO;
				DEBUG_INFORMATION_FORMAT = "dwarf-with-dsym";
				ENABLE_NS_ASSERTIONS = NO;
				ENABLE_STRICT_OBJC_MSGSEND = YES;
				GCC_C_LANGUAGE_STANDARD = gnu99;
				GCC_NO_COMMON_BLOCKS = YES;
				GCC_WARN_64_TO_32_BIT_CONVERSION = YES;
				GCC_WARN_ABOUT_RETURN_TYPE = YES_ERROR;
				GCC_WARN_UNDECLARED_SELECTOR = YES;
				GCC_WARN_UNINITIALIZED_AUTOS = YES_AGGRESSIVE;
				GCC_WARN_UNUSED_FUNCTION = YES;
				GCC_WARN_UNUSED_VARIABLE = YES;
				IPHONEOS_DEPLOYMENT_TARGET = 10.3;
				MTL_ENABLE_DEBUG_INFO = NO;
				SDKROOT = iphoneos;
				TARGETED_DEVICE_FAMILY = "1,2";
				VALIDATE_PRODUCT = YES;
			};
			name = Release;
		};
		16A1DBCC1EA39597003C5F95 /* Debug */ = {
			isa = XCBuildConfiguration;
			baseConfigurationReference = 71ED944DB6A67C4C488676DA /* Pods-LQGPhotoKit.debug.xcconfig */;
			buildSettings = {
				ASSETCATALOG_COMPILER_APPICON_NAME = AppIcon;
				DEVELOPMENT_TEAM = RYWQLEHRAM;
				INFOPLIST_FILE = LQGPhotoKit/Info.plist;
				LD_RUNPATH_SEARCH_PATHS = "$(inherited) @executable_path/Frameworks";
				PRODUCT_BUNDLE_IDENTIFIER = com.liquangang.photoKit;
				PRODUCT_NAME = "$(TARGET_NAME)";
			};
			name = Debug;
		};
		16A1DBCD1EA39597003C5F95 /* Release */ = {
			isa = XCBuildConfiguration;
			baseConfigurationReference = DB282AD40083FC652E77FCE7 /* Pods-LQGPhotoKit.release.xcconfig */;
			buildSettings = {
				ASSETCATALOG_COMPILER_APPICON_NAME = AppIcon;
				DEVELOPMENT_TEAM = RYWQLEHRAM;
				INFOPLIST_FILE = LQGPhotoKit/Info.plist;
				LD_RUNPATH_SEARCH_PATHS = "$(inherited) @executable_path/Frameworks";
				PRODUCT_BUNDLE_IDENTIFIER = com.liquangang.photoKit;
				PRODUCT_NAME = "$(TARGET_NAME)";
			};
			name = Release;
		};
		16A1DBCF1EA39597003C5F95 /* Debug */ = {
			isa = XCBuildConfiguration;
			buildSettings = {
				BUNDLE_LOADER = "$(TEST_HOST)";
				INFOPLIST_FILE = LQGPhotoKitTests/Info.plist;
				LD_RUNPATH_SEARCH_PATHS = "$(inherited) @executable_path/Frameworks @loader_path/Frameworks";
				PRODUCT_BUNDLE_IDENTIFIER = com.liquangang.LQGPhotoKitTests;
				PRODUCT_NAME = "$(TARGET_NAME)";
				TEST_HOST = "$(BUILT_PRODUCTS_DIR)/LQGPhotoKit.app/LQGPhotoKit";
			};
			name = Debug;
		};
		16A1DBD01EA39597003C5F95 /* Release */ = {
			isa = XCBuildConfiguration;
			buildSettings = {
				BUNDLE_LOADER = "$(TEST_HOST)";
				INFOPLIST_FILE = LQGPhotoKitTests/Info.plist;
				LD_RUNPATH_SEARCH_PATHS = "$(inherited) @executable_path/Frameworks @loader_path/Frameworks";
				PRODUCT_BUNDLE_IDENTIFIER = com.liquangang.LQGPhotoKitTests;
				PRODUCT_NAME = "$(TARGET_NAME)";
				TEST_HOST = "$(BUILT_PRODUCTS_DIR)/LQGPhotoKit.app/LQGPhotoKit";
			};
			name = Release;
		};
		16A1DBD21EA39597003C5F95 /* Debug */ = {
			isa = XCBuildConfiguration;
			buildSettings = {
				INFOPLIST_FILE = LQGPhotoKitUITests/Info.plist;
				LD_RUNPATH_SEARCH_PATHS = "$(inherited) @executable_path/Frameworks @loader_path/Frameworks";
				PRODUCT_BUNDLE_IDENTIFIER = com.liquangang.LQGPhotoKitUITests;
				PRODUCT_NAME = "$(TARGET_NAME)";
				TEST_TARGET_NAME = LQGPhotoKit;
			};
			name = Debug;
		};
		16A1DBD31EA39597003C5F95 /* Release */ = {
			isa = XCBuildConfiguration;
			buildSettings = {
				INFOPLIST_FILE = LQGPhotoKitUITests/Info.plist;
				LD_RUNPATH_SEARCH_PATHS = "$(inherited) @executable_path/Frameworks @loader_path/Frameworks";
				PRODUCT_BUNDLE_IDENTIFIER = com.liquangang.LQGPhotoKitUITests;
				PRODUCT_NAME = "$(TARGET_NAME)";
				TEST_TARGET_NAME = LQGPhotoKit;
			};
			name = Release;
		};
/* End XCBuildConfiguration section */

/* Begin XCConfigurationList section */
		16A1DB991EA39597003C5F95 /* Build configuration list for PBXProject "LQGPhotoKit" */ = {
			isa = XCConfigurationList;
			buildConfigurations = (
				16A1DBC91EA39597003C5F95 /* Debug */,
				16A1DBCA1EA39597003C5F95 /* Release */,
			);
			defaultConfigurationIsVisible = 0;
			defaultConfigurationName = Release;
		};
		16A1DBCB1EA39597003C5F95 /* Build configuration list for PBXNativeTarget "LQGPhotoKit" */ = {
			isa = XCConfigurationList;
			buildConfigurations = (
				16A1DBCC1EA39597003C5F95 /* Debug */,
				16A1DBCD1EA39597003C5F95 /* Release */,
			);
			defaultConfigurationIsVisible = 0;
			defaultConfigurationName = Release;
		};
		16A1DBCE1EA39597003C5F95 /* Build configuration list for PBXNativeTarget "LQGPhotoKitTests" */ = {
			isa = XCConfigurationList;
			buildConfigurations = (
				16A1DBCF1EA39597003C5F95 /* Debug */,
				16A1DBD01EA39597003C5F95 /* Release */,
			);
			defaultConfigurationIsVisible = 0;
			defaultConfigurationName = Release;
		};
		16A1DBD11EA39597003C5F95 /* Build configuration list for PBXNativeTarget "LQGPhotoKitUITests" */ = {
			isa = XCConfigurationList;
			buildConfigurations = (
				16A1DBD21EA39597003C5F95 /* Debug */,
				16A1DBD31EA39597003C5F95 /* Release */,
			);
			defaultConfigurationIsVisible = 0;
			defaultConfigurationName = Release;
		};
/* End XCConfigurationList section */
	};
	rootObject = 16A1DB961EA39597003C5F95 /* Project object */;
}
